// !$*UTF8*$!
{
	archiveVersion = 1;
	classes = {
	};
	objectVersion = 56;
	objects = {

/* Begin PBXBuildFile section */
		4037F79B2A044118005D9C6F /* AppDelegate.swift in Sources */ = {isa = PBXBuildFile; fileRef = 4037F79A2A044118005D9C6F /* AppDelegate.swift */; };
		4037F79D2A044118005D9C6F /* SceneDelegate.swift in Sources */ = {isa = PBXBuildFile; fileRef = 4037F79C2A044118005D9C6F /* SceneDelegate.swift */; };
		4037F79F2A044118005D9C6F /* MediaFeedViewController.swift in Sources */ = {isa = PBXBuildFile; fileRef = 4037F79E2A044118005D9C6F /* MediaFeedViewController.swift */; };
		4037F7A22A044118005D9C6F /* Main.storyboard in Resources */ = {isa = PBXBuildFile; fileRef = 4037F7A02A044118005D9C6F /* Main.storyboard */; };
		4037F7A52A044118005D9C6F /* AVFoundation_MediaFeed.xcdatamodeld in Sources */ = {isa = PBXBuildFile; fileRef = 4037F7A32A044118005D9C6F /* AVFoundation_MediaFeed.xcdatamodeld */; };
		4037F7A72A044119005D9C6F /* Assets.xcassets in Resources */ = {isa = PBXBuildFile; fileRef = 4037F7A62A044119005D9C6F /* Assets.xcassets */; };
		4037F7AA2A044119005D9C6F /* LaunchScreen.storyboard in Resources */ = {isa = PBXBuildFile; fileRef = 4037F7A82A044119005D9C6F /* LaunchScreen.storyboard */; };
		40A7FA262A046E7C003D67AE /* CustomHeader.swift in Sources */ = {isa = PBXBuildFile; fileRef = 40A7FA252A046E7C003D67AE /* CustomHeader.swift */; };
		40A7FA282A046E9F003D67AE /* MediaCell.swift in Sources */ = {isa = PBXBuildFile; fileRef = 40A7FA272A046E9F003D67AE /* MediaCell.swift */; };
		40A7FA2A2A047225003D67AE /* MediaObject.swift in Sources */ = {isa = PBXBuildFile; fileRef = 40A7FA292A047225003D67AE /* MediaObject.swift */; };
		40A7FA2C2A0594B5003D67AE /* URL+VideoPreviewThumbnail.swift in Sources */ = {isa = PBXBuildFile; fileRef = 40A7FA2B2A0594B5003D67AE /* URL+VideoPreviewThumbnail.swift */; };
/* End PBXBuildFile section */

/* Begin PBXFileReference section */
		4037F7972A044118005D9C6F /* AVFoundation-MediaFeed.app */ = {isa = PBXFileReference; explicitFileType = wrapper.application; includeInIndex = 0; path = "AVFoundation-MediaFeed.app"; sourceTree = BUILT_PRODUCTS_DIR; };
		4037F79A2A044118005D9C6F /* AppDelegate.swift */ = {isa = PBXFileReference; lastKnownFileType = sourcecode.swift; path = AppDelegate.swift; sourceTree = "<group>"; };
		4037F79C2A044118005D9C6F /* SceneDelegate.swift */ = {isa = PBXFileReference; lastKnownFileType = sourcecode.swift; path = SceneDelegate.swift; sourceTree = "<group>"; };
		4037F79E2A044118005D9C6F /* MediaFeedViewController.swift */ = {isa = PBXFileReference; lastKnownFileType = sourcecode.swift; path = MediaFeedViewController.swift; sourceTree = "<group>"; };
		4037F7A12A044118005D9C6F /* Base */ = {isa = PBXFileReference; lastKnownFileType = file.storyboard; name = Base; path = Base.lproj/Main.storyboard; sourceTree = "<group>"; };
		4037F7A42A044118005D9C6F /* AVFoundation_MediaFeed.xcdatamodel */ = {isa = PBXFileReference; lastKnownFileType = wrapper.xcdatamodel; path = AVFoundation_MediaFeed.xcdatamodel; sourceTree = "<group>"; };
		4037F7A62A044119005D9C6F /* Assets.xcassets */ = {isa = PBXFileReference; lastKnownFileType = folder.assetcatalog; path = Assets.xcassets; sourceTree = "<group>"; };
		4037F7A92A044119005D9C6F /* Base */ = {isa = PBXFileReference; lastKnownFileType = file.storyboard; name = Base; path = Base.lproj/LaunchScreen.storyboard; sourceTree = "<group>"; };
		4037F7AB2A044119005D9C6F /* Info.plist */ = {isa = PBXFileReference; lastKnownFileType = text.plist.xml; path = Info.plist; sourceTree = "<group>"; };
		40A7FA252A046E7C003D67AE /* CustomHeader.swift */ = {isa = PBXFileReference; lastKnownFileType = sourcecode.swift; path = CustomHeader.swift; sourceTree = "<group>"; };
		40A7FA272A046E9F003D67AE /* MediaCell.swift */ = {isa = PBXFileReference; lastKnownFileType = sourcecode.swift; path = MediaCell.swift; sourceTree = "<group>"; };
		40A7FA292A047225003D67AE /* MediaObject.swift */ = {isa = PBXFileReference; lastKnownFileType = sourcecode.swift; path = MediaObject.swift; sourceTree = "<group>"; };
		40A7FA2B2A0594B5003D67AE /* URL+VideoPreviewThumbnail.swift */ = {isa = PBXFileReference; lastKnownFileType = sourcecode.swift; path = "URL+VideoPreviewThumbnail.swift"; sourceTree = "<group>"; };
/* End PBXFileReference section */

/* Begin PBXFrameworksBuildPhase section */
		4037F7942A044118005D9C6F /* Frameworks */ = {
			isa = PBXFrameworksBuildPhase;
			buildActionMask = 2147483647;
			files = (
			);
			runOnlyForDeploymentPostprocessing = 0;
		};
/* End PBXFrameworksBuildPhase section */

/* Begin PBXGroup section */
		4037F78E2A044118005D9C6F = {
			isa = PBXGroup;
			children = (
				4037F7992A044118005D9C6F /* AVFoundation-MediaFeed */,
				4037F7982A044118005D9C6F /* Products */,
			);
			sourceTree = "<group>";
		};
		4037F7982A044118005D9C6F /* Products */ = {
			isa = PBXGroup;
			children = (
				4037F7972A044118005D9C6F /* AVFoundation-MediaFeed.app */,
			);
			name = Products;
			sourceTree = "<group>";
		};
		4037F7992A044118005D9C6F /* AVFoundation-MediaFeed */ = {
			isa = PBXGroup;
			children = (
				4037F79A2A044118005D9C6F /* AppDelegate.swift */,
				4037F79C2A044118005D9C6F /* SceneDelegate.swift */,
				4037F79E2A044118005D9C6F /* MediaFeedViewController.swift */,
				40A7FA252A046E7C003D67AE /* CustomHeader.swift */,
				40A7FA2B2A0594B5003D67AE /* URL+VideoPreviewThumbnail.swift */,
				40A7FA292A047225003D67AE /* MediaObject.swift */,
				40A7FA272A046E9F003D67AE /* MediaCell.swift */,
				4037F7A02A044118005D9C6F /* Main.storyboard */,
				4037F7A62A044119005D9C6F /* Assets.xcassets */,
				4037F7A82A044119005D9C6F /* LaunchScreen.storyboard */,
				4037F7AB2A044119005D9C6F /* Info.plist */,
				4037F7A32A044118005D9C6F /* AVFoundation_MediaFeed.xcdatamodeld */,
			);
			path = "AVFoundation-MediaFeed";
			sourceTree = "<group>";
		};
/* End PBXGroup section */

/* Begin PBXNativeTarget section */
		4037F7962A044118005D9C6F /* AVFoundation-MediaFeed */ = {
			isa = PBXNativeTarget;
			buildConfigurationList = 4037F7AE2A044119005D9C6F /* Build configuration list for PBXNativeTarget "AVFoundation-MediaFeed" */;
			buildPhases = (
				4037F7932A044118005D9C6F /* Sources */,
				4037F7942A044118005D9C6F /* Frameworks */,
				4037F7952A044118005D9C6F /* Resources */,
			);
			buildRules = (
			);
			dependencies = (
			);
			name = "AVFoundation-MediaFeed";
			productName = "AVFoundation-MediaFeed";
			productReference = 4037F7972A044118005D9C6F /* AVFoundation-MediaFeed.app */;
			productType = "com.apple.product-type.application";
		};
/* End PBXNativeTarget section */

/* Begin PBXProject section */
		4037F78F2A044118005D9C6F /* Project object */ = {
			isa = PBXProject;
			attributes = {
				BuildIndependentTargetsInParallel = 1;
				LastSwiftUpdateCheck = 1430;
				LastUpgradeCheck = 1430;
				TargetAttributes = {
					4037F7962A044118005D9C6F = {
						CreatedOnToolsVersion = 14.3;
					};
				};
			};
			buildConfigurationList = 4037F7922A044118005D9C6F /* Build configuration list for PBXProject "AVFoundation-MediaFeed" */;
			compatibilityVersion = "Xcode 14.0";
			developmentRegion = en;
			hasScannedForEncodings = 0;
			knownRegions = (
				en,
				Base,
			);
			mainGroup = 4037F78E2A044118005D9C6F;
			productRefGroup = 4037F7982A044118005D9C6F /* Products */;
			projectDirPath = "";
			projectRoot = "";
			targets = (
				4037F7962A044118005D9C6F /* AVFoundation-MediaFeed */,
			);
		};
/* End PBXProject section */

/* Begin PBXResourcesBuildPhase section */
		4037F7952A044118005D9C6F /* Resources */ = {
			isa = PBXResourcesBuildPhase;
			buildActionMask = 2147483647;
			files = (
				4037F7AA2A044119005D9C6F /* LaunchScreen.storyboard in Resources */,
				4037F7A72A044119005D9C6F /* Assets.xcassets in Resources */,
				4037F7A22A044118005D9C6F /* Main.storyboard in Resources */,
			);
			runOnlyForDeploymentPostprocessing = 0;
		};
/* End PBXResourcesBuildPhase section */

/* Begin PBXSourcesBuildPhase section */
		4037F7932A044118005D9C6F /* Sources */ = {
			isa = PBXSourcesBuildPhase;
			buildActionMask = 2147483647;
			files = (
				4037F7A52A044118005D9C6F /* AVFoundation_MediaFeed.xcdatamodeld in Sources */,
				40A7FA282A046E9F003D67AE /* MediaCell.swift in Sources */,
				40A7FA2A2A047225003D67AE /* MediaObject.swift in Sources */,
				4037F79F2A044118005D9C6F /* MediaFeedViewController.swift in Sources */,
				4037F79B2A044118005D9C6F /* AppDelegate.swift in Sources */,
				40A7FA2C2A0594B5003D67AE /* URL+VideoPreviewThumbnail.swift in Sources */,
				4037F79D2A044118005D9C6F /* SceneDelegate.swift in Sources */,
				40A7FA262A046E7C003D67AE /* CustomHeader.swift in Sources */,
			);
			runOnlyForDeploymentPostprocessing = 0;
		};
/* End PBXSourcesBuildPhase section */

/* Begin PBXVariantGroup section */
		4037F7A02A044118005D9C6F /* Main.storyboard */ = {
			isa = PBXVariantGroup;
			children = (
				4037F7A12A044118005D9C6F /* Base */,
			);
			name = Main.storyboard;
			sourceTree = "<group>";
		};
		4037F7A82A044119005D9C6F /* LaunchScreen.storyboard */ = {
			isa = PBXVariantGroup;
			children = (
				4037F7A92A044119005D9C6F /* Base */,
			);
			name = LaunchScreen.storyboard;
			sourceTree = "<group>";
		};
/* End PBXVariantGroup section */

/* Begin XCBuildConfiguration section */
		4037F7AC2A044119005D9C6F /* Debug */ = {
			isa = XCBuildConfiguration;
			buildSettings = {
				ALWAYS_SEARCH_USER_PATHS = NO;
				CLANG_ANALYZER_NONNULL = YES;
				CLANG_ANALYZER_NUMBER_OBJECT_CONVERSION = YES_AGGRESSIVE;
				CLANG_CXX_LANGUAGE_STANDARD = "gnu++20";
				CLANG_ENABLE_MODULES = YES;
				CLANG_ENABLE_OBJC_ARC = YES;
				CLANG_ENABLE_OBJC_WEAK = YES;
				CLANG_WARN_BLOCK_CAPTURE_AUTORELEASING = YES;
				CLANG_WARN_BOOL_CONVERSION = YES;
				CLANG_WARN_COMMA = YES;
				CLANG_WARN_CONSTANT_CONVERSION = YES;
				CLANG_WARN_DEPRECATED_OBJC_IMPLEMENTATIONS = YES;
				CLANG_WARN_DIRECT_OBJC_ISA_USAGE = YES_ERROR;
				CLANG_WARN_DOCUMENTATION_COMMENTS = YES;
				CLANG_WARN_EMPTY_BODY = YES;
				CLANG_WARN_ENUM_CONVERSION = YES;
				CLANG_WARN_INFINITE_RECURSION = YES;
				CLANG_WARN_INT_CONVERSION = YES;
				CLANG_WARN_NON_LITERAL_NULL_CONVERSION = YES;
				CLANG_WARN_OBJC_IMPLICIT_RETAIN_SELF = YES;
				CLANG_WARN_OBJC_LITERAL_CONVERSION = YES;
				CLANG_WARN_OBJC_ROOT_CLASS = YES_ERROR;
				CLANG_WARN_QUOTED_INCLUDE_IN_FRAMEWORK_HEADER = YES;
				CLANG_WARN_RANGE_LOOP_ANALYSIS = YES;
				CLANG_WARN_STRICT_PROTOTYPES = YES;
				CLANG_WARN_SUSPICIOUS_MOVE = YES;
				CLANG_WARN_UNGUARDED_AVAILABILITY = YES_AGGRESSIVE;
				CLANG_WARN_UNREACHABLE_CODE = YES;
				CLANG_WARN__DUPLICATE_METHOD_MATCH = YES;
				COPY_PHASE_STRIP = NO;
				DEBUG_INFORMATION_FORMAT = dwarf;
				ENABLE_STRICT_OBJC_MSGSEND = YES;
				ENABLE_TESTABILITY = YES;
				GCC_C_LANGUAGE_STANDARD = gnu11;
				GCC_DYNAMIC_NO_PIC = NO;
				GCC_NO_COMMON_BLOCKS = YES;
				GCC_OPTIMIZATION_LEVEL = 0;
				GCC_PREPROCESSOR_DEFINITIONS = (
					"DEBUG=1",
					"$(inherited)",
				);
				GCC_WARN_64_TO_32_BIT_CONVERSION = YES;
				GCC_WARN_ABOUT_RETURN_TYPE = YES_ERROR;
				GCC_WARN_UNDECLARED_SELECTOR = YES;
				GCC_WARN_UNINITIALIZED_AUTOS = YES_AGGRESSIVE;
				GCC_WARN_UNUSED_FUNCTION = YES;
				GCC_WARN_UNUSED_VARIABLE = YES;
				IPHONEOS_DEPLOYMENT_TARGET = 16.4;
				MTL_ENABLE_DEBUG_INFO = INCLUDE_SOURCE;
				MTL_FAST_MATH = YES;
				ONLY_ACTIVE_ARCH = YES;
				SDKROOT = iphoneos;
				SWIFT_ACTIVE_COMPILATION_CONDITIONS = DEBUG;
				SWIFT_OPTIMIZATION_LEVEL = "-Onone";
			};
			name = Debug;
		};
		4037F7AD2A044119005D9C6F /* Release */ = {
			isa = XCBuildConfiguration;
			buildSettings = {
				ALWAYS_SEARCH_USER_PATHS = NO;
				CLANG_ANALYZER_NONNULL = YES;
				CLANG_ANALYZER_NUMBER_OBJECT_CONVERSION = YES_AGGRESSIVE;
				CLANG_CXX_LANGUAGE_STANDARD = "gnu++20";
				CLANG_ENABLE_MODULES = YES;
				CLANG_ENABLE_OBJC_ARC = YES;
				CLANG_ENABLE_OBJC_WEAK = YES;
				CLANG_WARN_BLOCK_CAPTURE_AUTORELEASING = YES;
				CLANG_WARN_BOOL_CONVERSION = YES;
				CLANG_WARN_COMMA = YES;
				CLANG_WARN_CONSTANT_CONVERSION = YES;
				CLANG_WARN_DEPRECATED_OBJC_IMPLEMENTATIONS = YES;
				CLANG_WARN_DIRECT_OBJC_ISA_USAGE = YES_ERROR;
				CLANG_WARN_DOCUMENTATION_COMMENTS = YES;
				CLANG_WARN_EMPTY_BODY = YES;
				CLANG_WARN_ENUM_CONVERSION = YES;
				CLANG_WARN_INFINITE_RECURSION = YES;
				CLANG_WARN_INT_CONVERSION = YES;
				CLANG_WARN_NON_LITERAL_NULL_CONVERSION = YES;
				CLANG_WARN_OBJC_IMPLICIT_RETAIN_SELF = YES;
				CLANG_WARN_OBJC_LITERAL_CONVERSION = YES;
				CLANG_WARN_OBJC_ROOT_CLASS = YES_ERROR;
				CLANG_WARN_QUOTED_INCLUDE_IN_FRAMEWORK_HEADER = YES;
				CLANG_WARN_RANGE_LOOP_ANALYSIS = YES;
				CLANG_WARN_STRICT_PROTOTYPES = YES;
				CLANG_WARN_SUSPICIOUS_MOVE = YES;
				CLANG_WARN_UNGUARDED_AVAILABILITY = YES_AGGRESSIVE;
				CLANG_WARN_UNREACHABLE_CODE = YES;
				CLANG_WARN__DUPLICATE_METHOD_MATCH = YES;
				COPY_PHASE_STRIP = NO;
				DEBUG_INFORMATION_FORMAT = "dwarf-with-dsym";
				ENABLE_NS_ASSERTIONS = NO;
				ENABLE_STRICT_OBJC_MSGSEND = YES;
				GCC_C_LANGUAGE_STANDARD = gnu11;
				GCC_NO_COMMON_BLOCKS = YES;
				GCC_WARN_64_TO_32_BIT_CONVERSION = YES;
				GCC_WARN_ABOUT_RETURN_TYPE = YES_ERROR;
				GCC_WARN_UNDECLARED_SELECTOR = YES;
				GCC_WARN_UNINITIALIZED_AUTOS = YES_AGGRESSIVE;
				GCC_WARN_UNUSED_FUNCTION = YES;
				GCC_WARN_UNUSED_VARIABLE = YES;
				IPHONEOS_DEPLOYMENT_TARGET = 16.4;
				MTL_ENABLE_DEBUG_INFO = NO;
				MTL_FAST_MATH = YES;
				SDKROOT = iphoneos;
				SWIFT_COMPILATION_MODE = wholemodule;
				SWIFT_OPTIMIZATION_LEVEL = "-O";
				VALIDATE_PRODUCT = YES;
			};
			name = Release;
		};
		4037F7AF2A044119005D9C6F /* Debug */ = {
			isa = XCBuildConfiguration;
			buildSettings = {
				ASSETCATALOG_COMPILER_APPICON_NAME = AppIcon;
				ASSETCATALOG_COMPILER_GLOBAL_ACCENT_COLOR_NAME = AccentColor;
				CODE_SIGN_STYLE = Automatic;
				CURRENT_PROJECT_VERSION = 1;
				DEVELOPMENT_TEAM = NJ8L7C6778;
				GENERATE_INFOPLIST_FILE = YES;
				INFOPLIST_FILE = "AVFoundation-MediaFeed/Info.plist";
				INFOPLIST_KEY_UIApplicationSupportsIndirectInputEvents = YES;
				INFOPLIST_KEY_UILaunchStoryboardName = LaunchScreen;
				INFOPLIST_KEY_UIMainStoryboardFile = Main;
				INFOPLIST_KEY_UISupportedInterfaceOrientations_iPad = "UIInterfaceOrientationPortrait UIInterfaceOrientationPortraitUpsideDown UIInterfaceOrientationLandscapeLeft UIInterfaceOrientationLandscapeRight";
				INFOPLIST_KEY_UISupportedInterfaceOrientations_iPhone = "UIInterfaceOrientationPortrait UIInterfaceOrientationLandscapeLeft UIInterfaceOrientationLandscapeRight";
				LD_RUNPATH_SEARCH_PATHS = (
					"$(inherited)",
					"@executable_path/Frameworks",
				);
				MARKETING_VERSION = 1.0;
				PRODUCT_BUNDLE_IDENTIFIER = "brendoncrowe.AVFoundation-MediaFeed";
				PRODUCT_NAME = "$(TARGET_NAME)";
				SWIFT_EMIT_LOC_STRINGS = YES;
				SWIFT_VERSION = 5.0;
				TARGETED_DEVICE_FAMILY = "1,2";
			};
			name = Debug;
		};
		4037F7B02A044119005D9C6F /* Release */ = {
			isa = XCBuildConfiguration;
			buildSettings = {
				ASSETCATALOG_COMPILER_APPICON_NAME = AppIcon;
				ASSETCATALOG_COMPILER_GLOBAL_ACCENT_COLOR_NAME = AccentColor;
				CODE_SIGN_STYLE = Automatic;
				CURRENT_PROJECT_VERSION = 1;
				DEVELOPMENT_TEAM = NJ8L7C6778;
				GENERATE_INFOPLIST_FILE = YES;
				INFOPLIST_FILE = "AVFoundation-MediaFeed/Info.plist";
				INFOPLIST_KEY_UIApplicationSupportsIndirectInputEvents = YES;
				INFOPLIST_KEY_UILaunchStoryboardName = LaunchScreen;
				INFOPLIST_KEY_UIMainStoryboardFile = Main;
				INFOPLIST_KEY_UISupportedInterfaceOrientations_iPad = "UIInterfaceOrientationPortrait UIInterfaceOrientationPortraitUpsideDown UIInterfaceOrientationLandscapeLeft UIInterfaceOrientationLandscapeRight";
				INFOPLIST_KEY_UISupportedInterfaceOrientations_iPhone = "UIInterfaceOrientationPortrait UIInterfaceOrientationLandscapeLeft UIInterfaceOrientationLandscapeRight";
				LD_RUNPATH_SEARCH_PATHS = (
					"$(inherited)",
					"@executable_path/Frameworks",
				);
				MARKETING_VERSION = 1.0;
				PRODUCT_BUNDLE_IDENTIFIER = "brendoncrowe.AVFoundation-MediaFeed";
				PRODUCT_NAME = "$(TARGET_NAME)";
				SWIFT_EMIT_LOC_STRINGS = YES;
				SWIFT_VERSION = 5.0;
				TARGETED_DEVICE_FAMILY = "1,2";
			};
			name = Release;
		};
/* End XCBuildConfiguration section */

/* Begin XCConfigurationList section */
		4037F7922A044118005D9C6F /* Build configuration list for PBXProject "AVFoundation-MediaFeed" */ = {
			isa = XCConfigurationList;
			buildConfigurations = (
				4037F7AC2A044119005D9C6F /* Debug */,
				4037F7AD2A044119005D9C6F /* Release */,
			);
			defaultConfigurationIsVisible = 0;
			defaultConfigurationName = Release;
		};
		4037F7AE2A044119005D9C6F /* Build configuration list for PBXNativeTarget "AVFoundation-MediaFeed" */ = {
			isa = XCConfigurationList;
			buildConfigurations = (
				4037F7AF2A044119005D9C6F /* Debug */,
				4037F7B02A044119005D9C6F /* Release */,
			);
			defaultConfigurationIsVisible = 0;
			defaultConfigurationName = Release;
		};
/* End XCConfigurationList section */

/* Begin XCVersionGroup section */
		4037F7A32A044118005D9C6F /* AVFoundation_MediaFeed.xcdatamodeld */ = {
			isa = XCVersionGroup;
			children = (
				4037F7A42A044118005D9C6F /* AVFoundation_MediaFeed.xcdatamodel */,
			);
			currentVersion = 4037F7A42A044118005D9C6F /* AVFoundation_MediaFeed.xcdatamodel */;
			path = AVFoundation_MediaFeed.xcdatamodeld;
			sourceTree = "<group>";
			versionGroupType = wrapper.xcdatamodel;
		};
/* End XCVersionGroup section */
	};
	rootObject = 4037F78F2A044118005D9C6F /* Project object */;
}
